{
  "name": "comfy-pocket",
  "version": "0.1.2",
  "lockfileVersion": 3,
  "requires": true,
  "packages": {
    "": {
      "name": "comfy-pocket",
      "version": "0.1.2",
      "license": "MIT",
      "bin": {
        "comfy-pocket": "cli/index.mjs"
      },
      "engines": {
        "node": ">=22.12.0"
      }
    }
  }
}
